
Microsoft Visual Studio Solution File, Format Version 12.00
# Visual Studio Version 16
VisualStudioVersion = 16.0.29123.88
MinimumVisualStudioVersion = 10.0.40219.1
Project("{9A19103F-16F7-4668-BE54-9A1E7A4F7556}") = "CriFsHook.ReloadedII", "CriFsHook.ReloadedII\CriFsHook.ReloadedII.csproj", "{4F04A272-0765-4671-B110-B19280E805C6}"
EndProject
Project("{2150E333-8FDC-42A3-9474-1A3956D46DE8}") = "Submodules", "Submodules", "{D20CA61D-239B-4626-9EE4-1655A3F27E37}"
EndProject
Project("{FAE04EC0-301F-11D3-BF4B-00C04F79EFBC}") = "Rock.Collections", "Submodules\Rock.Collections\Rock.Collections\Rock.Collections.csproj", "{7093891E-2F3E-4FE1-B855-B421C72B8CBF}"
EndProject
Global
	GlobalSection(SolutionConfigurationPlatforms) = preSolution
		Debug|Any CPU = Debug|Any CPU
		Release|Any CPU = Release|Any CPU
	EndGlobalSection
	GlobalSection(ProjectConfigurationPlatforms) = postSolution
		{4F04A272-0765-4671-B110-B19280E805C6}.Debug|Any CPU.ActiveCfg = Debug|Any CPU
		{4F04A272-0765-4671-B110-B19280E805C6}.Debug|Any CPU.Build.0 = Debug|Any CPU
		{4F04A272-0765-4671-B110-B19280E805C6}.Release|Any CPU.ActiveCfg = Release|Any CPU
		{4F04A272-0765-4671-B110-B19280E805C6}.Release|Any CPU.Build.0 = Release|Any CPU
		{7093891E-2F3E-4FE1-B855-B421C72B8CBF}.Debug|Any CPU.ActiveCfg = Debug|Any CPU
		{7093891E-2F3E-4FE1-B855-B421C72B8CBF}.Debug|Any CPU.Build.0 = Debug|Any CPU
		{7093891E-2F3E-4FE1-B855-B421C72B8CBF}.Release|Any CPU.ActiveCfg = Release|Any CPU
		{7093891E-2F3E-4FE1-B855-B421C72B8CBF}.Release|Any CPU.Build.0 = Release|Any CPU
	EndGlobalSection
	GlobalSection(SolutionProperties) = preSolution
		HideSolutionNode = FALSE
	EndGlobalSection
	GlobalSection(NestedProjects) = preSolution
		{7093891E-2F3E-4FE1-B855-B421C72B8CBF} = {D20CA61D-239B-4626-9EE4-1655A3F27E37}
	EndGlobalSection
	GlobalSection(ExtensibilityGlobals) = postSolution
		SolutionGuid = {3DC83547-53CB-47F7-B74A-003FDCD76EE4}
	EndGlobalSection
EndGlobal
